// !$*UTF8*$!
{
	archiveVersion = 1;
	classes = {
	};
	objectVersion = 50;
	objects = {

/* Begin PBXBuildFile section */
		036300462544B07B00B90A97 /* EditActivity.swift in Sources */ = {isa = PBXBuildFile; fileRef = 036300452544B07B00B90A97 /* EditActivity.swift */; };
		039134622535B0F20009DC32 /* DataStructure.swift in Sources */ = {isa = PBXBuildFile; fileRef = 039134612535B0F20009DC32 /* DataStructure.swift */; };
		039134672535BE910009DC32 /* RecencyDetail.swift in Sources */ = {isa = PBXBuildFile; fileRef = 039134662535BE910009DC32 /* RecencyDetail.swift */; };
		03AEC7AD253447AE00EB75E1 /* RecencyApp.swift in Sources */ = {isa = PBXBuildFile; fileRef = 03AEC7AC253447AE00EB75E1 /* RecencyApp.swift */; };
		03AEC7AF253447AE00EB75E1 /* ContentView.swift in Sources */ = {isa = PBXBuildFile; fileRef = 03AEC7AE253447AE00EB75E1 /* ContentView.swift */; };
		03AEC7B1253447B200EB75E1 /* Assets.xcassets in Resources */ = {isa = PBXBuildFile; fileRef = 03AEC7B0253447B200EB75E1 /* Assets.xcassets */; };
		03AEC7B4253447B200EB75E1 /* Preview Assets.xcassets in Resources */ = {isa = PBXBuildFile; fileRef = 03AEC7B3253447B200EB75E1 /* Preview Assets.xcassets */; };
		03AEC7BF253447B300EB75E1 /* DataStructureTests.swift in Sources */ = {isa = PBXBuildFile; fileRef = 03AEC7BE253447B300EB75E1 /* DataStructureTests.swift */; };
		03AEC7CA253447B300EB75E1 /* RecencyUITests.swift in Sources */ = {isa = PBXBuildFile; fileRef = 03AEC7C9253447B300EB75E1 /* RecencyUITests.swift */; };
		03AEC7DB2534677C00EB75E1 /* AddActivity.swift in Sources */ = {isa = PBXBuildFile; fileRef = 03AEC7DA2534677C00EB75E1 /* AddActivity.swift */; };
		03BDD5B9253B6AF000A8652D /* WelcomeSheet.swift in Sources */ = {isa = PBXBuildFile; fileRef = 03BDD5B8253B6AF000A8652D /* WelcomeSheet.swift */; };
		0D719F57DCF77CE6CF619989 /* Pods_Recency_RecencyUITests.framework in Frameworks */ = {isa = PBXBuildFile; fileRef = 8482F05F24C6D9EE9C074B8C /* Pods_Recency_RecencyUITests.framework */; };
		AF4C25CC28FA2EEA1EFC43A9 /* Pods_Recency.framework in Frameworks */ = {isa = PBXBuildFile; fileRef = 60A4CA4666DDEB121E75FD69 /* Pods_Recency.framework */; };
		F2C4B8F00962E546E2ED28A0 /* Pods_RecencyTests.framework in Frameworks */ = {isa = PBXBuildFile; fileRef = E73A9FA60CFCD280A26F148D /* Pods_RecencyTests.framework */; };
/* End PBXBuildFile section */

/* Begin PBXContainerItemProxy section */
		03AEC7BB253447B300EB75E1 /* PBXContainerItemProxy */ = {
			isa = PBXContainerItemProxy;
			containerPortal = 03AEC7A1253447AD00EB75E1 /* Project object */;
			proxyType = 1;
			remoteGlobalIDString = 03AEC7A8253447AE00EB75E1;
			remoteInfo = Recency;
		};
		03AEC7C6253447B300EB75E1 /* PBXContainerItemProxy */ = {
			isa = PBXContainerItemProxy;
			containerPortal = 03AEC7A1253447AD00EB75E1 /* Project object */;
			proxyType = 1;
			remoteGlobalIDString = 03AEC7A8253447AE00EB75E1;
			remoteInfo = Recency;
		};
/* End PBXContainerItemProxy section */

/* Begin PBXFileReference section */
		036300452544B07B00B90A97 /* EditActivity.swift */ = {isa = PBXFileReference; lastKnownFileType = sourcecode.swift; path = EditActivity.swift; sourceTree = "<group>"; };
		039134612535B0F20009DC32 /* DataStructure.swift */ = {isa = PBXFileReference; lastKnownFileType = sourcecode.swift; path = DataStructure.swift; sourceTree = "<group>"; };
		039134662535BE910009DC32 /* RecencyDetail.swift */ = {isa = PBXFileReference; lastKnownFileType = sourcecode.swift; path = RecencyDetail.swift; sourceTree = "<group>"; };
		03AEC7A9253447AE00EB75E1 /* Recency.app */ = {isa = PBXFileReference; explicitFileType = wrapper.application; includeInIndex = 0; path = Recency.app; sourceTree = BUILT_PRODUCTS_DIR; };
		03AEC7AC253447AE00EB75E1 /* RecencyApp.swift */ = {isa = PBXFileReference; lastKnownFileType = sourcecode.swift; path = RecencyApp.swift; sourceTree = "<group>"; };
		03AEC7AE253447AE00EB75E1 /* ContentView.swift */ = {isa = PBXFileReference; lastKnownFileType = sourcecode.swift; path = ContentView.swift; sourceTree = "<group>"; };
		03AEC7B0253447B200EB75E1 /* Assets.xcassets */ = {isa = PBXFileReference; lastKnownFileType = folder.assetcatalog; path = Assets.xcassets; sourceTree = "<group>"; };
		03AEC7B3253447B200EB75E1 /* Preview Assets.xcassets */ = {isa = PBXFileReference; lastKnownFileType = folder.assetcatalog; path = "Preview Assets.xcassets"; sourceTree = "<group>"; };
		03AEC7B5253447B200EB75E1 /* Info.plist */ = {isa = PBXFileReference; lastKnownFileType = text.plist.xml; path = Info.plist; sourceTree = "<group>"; };
		03AEC7BA253447B300EB75E1 /* RecencyTests.xctest */ = {isa = PBXFileReference; explicitFileType = wrapper.cfbundle; includeInIndex = 0; path = RecencyTests.xctest; sourceTree = BUILT_PRODUCTS_DIR; };
		03AEC7BE253447B300EB75E1 /* DataStructureTests.swift */ = {isa = PBXFileReference; lastKnownFileType = sourcecode.swift; path = DataStructureTests.swift; sourceTree = "<group>"; };
		03AEC7C0253447B300EB75E1 /* Info.plist */ = {isa = PBXFileReference; lastKnownFileType = text.plist.xml; path = Info.plist; sourceTree = "<group>"; };
		03AEC7C5253447B300EB75E1 /* RecencyUITests.xctest */ = {isa = PBXFileReference; explicitFileType = wrapper.cfbundle; includeInIndex = 0; path = RecencyUITests.xctest; sourceTree = BUILT_PRODUCTS_DIR; };
		03AEC7C9253447B300EB75E1 /* RecencyUITests.swift */ = {isa = PBXFileReference; lastKnownFileType = sourcecode.swift; path = RecencyUITests.swift; sourceTree = "<group>"; };
		03AEC7CB253447B300EB75E1 /* Info.plist */ = {isa = PBXFileReference; lastKnownFileType = text.plist.xml; path = Info.plist; sourceTree = "<group>"; };
		03AEC7DA2534677C00EB75E1 /* AddActivity.swift */ = {isa = PBXFileReference; lastKnownFileType = sourcecode.swift; path = AddActivity.swift; sourceTree = "<group>"; };
		03BDD5B8253B6AF000A8652D /* WelcomeSheet.swift */ = {isa = PBXFileReference; lastKnownFileType = sourcecode.swift; path = WelcomeSheet.swift; sourceTree = "<group>"; };
		60A4CA4666DDEB121E75FD69 /* Pods_Recency.framework */ = {isa = PBXFileReference; explicitFileType = wrapper.framework; includeInIndex = 0; path = Pods_Recency.framework; sourceTree = BUILT_PRODUCTS_DIR; };
		748B84A6D8CFFF388D012799 /* Pods-Recency.release.xcconfig */ = {isa = PBXFileReference; includeInIndex = 1; lastKnownFileType = text.xcconfig; name = "Pods-Recency.release.xcconfig"; path = "Target Support Files/Pods-Recency/Pods-Recency.release.xcconfig"; sourceTree = "<group>"; };
		8482F05F24C6D9EE9C074B8C /* Pods_Recency_RecencyUITests.framework */ = {isa = PBXFileReference; explicitFileType = wrapper.framework; includeInIndex = 0; path = Pods_Recency_RecencyUITests.framework; sourceTree = BUILT_PRODUCTS_DIR; };
		982AEE071367B55AB1562930 /* Pods-Recency-RecencyUITests.debug.xcconfig */ = {isa = PBXFileReference; includeInIndex = 1; lastKnownFileType = text.xcconfig; name = "Pods-Recency-RecencyUITests.debug.xcconfig"; path = "Target Support Files/Pods-Recency-RecencyUITests/Pods-Recency-RecencyUITests.debug.xcconfig"; sourceTree = "<group>"; };
		B68B02EE4CAFA1A0B6E6D089 /* Pods-RecencyTests.debug.xcconfig */ = {isa = PBXFileReference; includeInIndex = 1; lastKnownFileType = text.xcconfig; name = "Pods-RecencyTests.debug.xcconfig"; path = "Target Support Files/Pods-RecencyTests/Pods-RecencyTests.debug.xcconfig"; sourceTree = "<group>"; };
		CC80A560C504C87EBD5EE48A /* Pods-Recency.debug.xcconfig */ = {isa = PBXFileReference; includeInIndex = 1; lastKnownFileType = text.xcconfig; name = "Pods-Recency.debug.xcconfig"; path = "Target Support Files/Pods-Recency/Pods-Recency.debug.xcconfig"; sourceTree = "<group>"; };
		D684F8A589460CBA82118706 /* Pods-Recency-RecencyUITests.release.xcconfig */ = {isa = PBXFileReference; includeInIndex = 1; lastKnownFileType = text.xcconfig; name = "Pods-Recency-RecencyUITests.release.xcconfig"; path = "Target Support Files/Pods-Recency-RecencyUITests/Pods-Recency-RecencyUITests.release.xcconfig"; sourceTree = "<group>"; };
		E73A9FA60CFCD280A26F148D /* Pods_RecencyTests.framework */ = {isa = PBXFileReference; explicitFileType = wrapper.framework; includeInIndex = 0; path = Pods_RecencyTests.framework; sourceTree = BUILT_PRODUCTS_DIR; };
		FC071854780666DCCE432644 /* Pods-RecencyTests.release.xcconfig */ = {isa = PBXFileReference; includeInIndex = 1; lastKnownFileType = text.xcconfig; name = "Pods-RecencyTests.release.xcconfig"; path = "Target Support Files/Pods-RecencyTests/Pods-RecencyTests.release.xcconfig"; sourceTree = "<group>"; };
/* End PBXFileReference section */

/* Begin PBXFrameworksBuildPhase section */
		03AEC7A6253447AE00EB75E1 /* Frameworks */ = {
			isa = PBXFrameworksBuildPhase;
			buildActionMask = 2147483647;
			files = (
				AF4C25CC28FA2EEA1EFC43A9 /* Pods_Recency.framework in Frameworks */,
			);
			runOnlyForDeploymentPostprocessing = 0;
		};
		03AEC7B7253447B300EB75E1 /* Frameworks */ = {
			isa = PBXFrameworksBuildPhase;
			buildActionMask = 2147483647;
			files = (
				F2C4B8F00962E546E2ED28A0 /* Pods_RecencyTests.framework in Frameworks */,
			);
			runOnlyForDeploymentPostprocessing = 0;
		};
		03AEC7C2253447B300EB75E1 /* Frameworks */ = {
			isa = PBXFrameworksBuildPhase;
			buildActionMask = 2147483647;
			files = (
				0D719F57DCF77CE6CF619989 /* Pods_Recency_RecencyUITests.framework in Frameworks */,
			);
			runOnlyForDeploymentPostprocessing = 0;
		};
/* End PBXFrameworksBuildPhase section */

/* Begin PBXGroup section */
		03AEC7A0253447AD00EB75E1 = {
			isa = PBXGroup;
			children = (
				03AEC7AB253447AE00EB75E1 /* Recency */,
				03AEC7BD253447B300EB75E1 /* RecencyTests */,
				03AEC7C8253447B300EB75E1 /* RecencyUITests */,
				03AEC7AA253447AE00EB75E1 /* Products */,
				96723EFC013EFA66180922F9 /* Pods */,
				9C04598C28C159E95CB76BBE /* Frameworks */,
			);
			sourceTree = "<group>";
		};
		03AEC7AA253447AE00EB75E1 /* Products */ = {
			isa = PBXGroup;
			children = (
				03AEC7A9253447AE00EB75E1 /* Recency.app */,
				03AEC7BA253447B300EB75E1 /* RecencyTests.xctest */,
				03AEC7C5253447B300EB75E1 /* RecencyUITests.xctest */,
			);
			name = Products;
			sourceTree = "<group>";
		};
		03AEC7AB253447AE00EB75E1 /* Recency */ = {
			isa = PBXGroup;
			children = (
				03AEC7AC253447AE00EB75E1 /* RecencyApp.swift */,
				03AEC7AE253447AE00EB75E1 /* ContentView.swift */,
				039134662535BE910009DC32 /* RecencyDetail.swift */,
				036300452544B07B00B90A97 /* EditActivity.swift */,
				039134612535B0F20009DC32 /* DataStructure.swift */,
				03AEC7DA2534677C00EB75E1 /* AddActivity.swift */,
				03BDD5B8253B6AF000A8652D /* WelcomeSheet.swift */,
				03AEC7B0253447B200EB75E1 /* Assets.xcassets */,
				03AEC7B5253447B200EB75E1 /* Info.plist */,
				03AEC7B2253447B200EB75E1 /* Preview Content */,
			);
			path = Recency;
			sourceTree = "<group>";
		};
		03AEC7B2253447B200EB75E1 /* Preview Content */ = {
			isa = PBXGroup;
			children = (
				03AEC7B3253447B200EB75E1 /* Preview Assets.xcassets */,
			);
			path = "Preview Content";
			sourceTree = "<group>";
		};
		03AEC7BD253447B300EB75E1 /* RecencyTests */ = {
			isa = PBXGroup;
			children = (
				03AEC7BE253447B300EB75E1 /* DataStructureTests.swift */,
				03AEC7C0253447B300EB75E1 /* Info.plist */,
			);
			path = RecencyTests;
			sourceTree = "<group>";
		};
		03AEC7C8253447B300EB75E1 /* RecencyUITests */ = {
			isa = PBXGroup;
			children = (
				03AEC7C9253447B300EB75E1 /* RecencyUITests.swift */,
				03AEC7CB253447B300EB75E1 /* Info.plist */,
			);
			path = RecencyUITests;
			sourceTree = "<group>";
		};
		96723EFC013EFA66180922F9 /* Pods */ = {
			isa = PBXGroup;
			children = (
				CC80A560C504C87EBD5EE48A /* Pods-Recency.debug.xcconfig */,
				748B84A6D8CFFF388D012799 /* Pods-Recency.release.xcconfig */,
				982AEE071367B55AB1562930 /* Pods-Recency-RecencyUITests.debug.xcconfig */,
				D684F8A589460CBA82118706 /* Pods-Recency-RecencyUITests.release.xcconfig */,
				B68B02EE4CAFA1A0B6E6D089 /* Pods-RecencyTests.debug.xcconfig */,
				FC071854780666DCCE432644 /* Pods-RecencyTests.release.xcconfig */,
			);
			path = Pods;
			sourceTree = "<group>";
		};
		9C04598C28C159E95CB76BBE /* Frameworks */ = {
			isa = PBXGroup;
			children = (
				60A4CA4666DDEB121E75FD69 /* Pods_Recency.framework */,
				8482F05F24C6D9EE9C074B8C /* Pods_Recency_RecencyUITests.framework */,
				E73A9FA60CFCD280A26F148D /* Pods_RecencyTests.framework */,
			);
			name = Frameworks;
			sourceTree = "<group>";
		};
/* End PBXGroup section */

/* Begin PBXNativeTarget section */
		03AEC7A8253447AE00EB75E1 /* Recency */ = {
			isa = PBXNativeTarget;
			buildConfigurationList = 03AEC7CE253447B300EB75E1 /* Build configuration list for PBXNativeTarget "Recency" */;
			buildPhases = (
				3DB4DC7BDF49EB63E43432F5 /* [CP] Check Pods Manifest.lock */,
				03AEC7A5253447AE00EB75E1 /* Sources */,
				03AEC7A6253447AE00EB75E1 /* Frameworks */,
				03AEC7A7253447AE00EB75E1 /* Resources */,
				03735F6525386D480013A885 /* ShellScript */,
			);
			buildRules = (
			);
			dependencies = (
			);
			name = Recency;
			productName = Recency;
			productReference = 03AEC7A9253447AE00EB75E1 /* Recency.app */;
			productType = "com.apple.product-type.application";
		};
		03AEC7B9253447B300EB75E1 /* RecencyTests */ = {
			isa = PBXNativeTarget;
			buildConfigurationList = 03AEC7D1253447B300EB75E1 /* Build configuration list for PBXNativeTarget "RecencyTests" */;
			buildPhases = (
				55D36848245FA50A4A3B4DCB /* [CP] Check Pods Manifest.lock */,
				03AEC7B6253447B300EB75E1 /* Sources */,
				03AEC7B7253447B300EB75E1 /* Frameworks */,
				03AEC7B8253447B300EB75E1 /* Resources */,
			);
			buildRules = (
			);
			dependencies = (
				03AEC7BC253447B300EB75E1 /* PBXTargetDependency */,
			);
			name = RecencyTests;
			productName = RecencyTests;
			productReference = 03AEC7BA253447B300EB75E1 /* RecencyTests.xctest */;
			productType = "com.apple.product-type.bundle.unit-test";
		};
		03AEC7C4253447B300EB75E1 /* RecencyUITests */ = {
			isa = PBXNativeTarget;
			buildConfigurationList = 03AEC7D4253447B300EB75E1 /* Build configuration list for PBXNativeTarget "RecencyUITests" */;
			buildPhases = (
				FF1BED20F734C057CA042B12 /* [CP] Check Pods Manifest.lock */,
				03AEC7C1253447B300EB75E1 /* Sources */,
				03AEC7C2253447B300EB75E1 /* Frameworks */,
				03AEC7C3253447B300EB75E1 /* Resources */,
			);
			buildRules = (
			);
			dependencies = (
				03AEC7C7253447B300EB75E1 /* PBXTargetDependency */,
			);
			name = RecencyUITests;
			productName = RecencyUITests;
			productReference = 03AEC7C5253447B300EB75E1 /* RecencyUITests.xctest */;
			productType = "com.apple.product-type.bundle.ui-testing";
		};
/* End PBXNativeTarget section */

/* Begin PBXProject section */
		03AEC7A1253447AD00EB75E1 /* Project object */ = {
			isa = PBXProject;
			attributes = {
				LastSwiftUpdateCheck = 1200;
				LastUpgradeCheck = 1200;
				TargetAttributes = {
					03AEC7A8253447AE00EB75E1 = {
						CreatedOnToolsVersion = 12.0.1;
					};
					03AEC7B9253447B300EB75E1 = {
						CreatedOnToolsVersion = 12.0.1;
						TestTargetID = 03AEC7A8253447AE00EB75E1;
					};
					03AEC7C4253447B300EB75E1 = {
						CreatedOnToolsVersion = 12.0.1;
						TestTargetID = 03AEC7A8253447AE00EB75E1;
					};
				};
			};
			buildConfigurationList = 03AEC7A4253447AD00EB75E1 /* Build configuration list for PBXProject "Recency" */;
			compatibilityVersion = "Xcode 9.3";
			developmentRegion = en;
			hasScannedForEncodings = 0;
			knownRegions = (
				en,
				Base,
			);
			mainGroup = 03AEC7A0253447AD00EB75E1;
			productRefGroup = 03AEC7AA253447AE00EB75E1 /* Products */;
			projectDirPath = "";
			projectRoot = "";
			targets = (
				03AEC7A8253447AE00EB75E1 /* Recency */,
				03AEC7B9253447B300EB75E1 /* RecencyTests */,
				03AEC7C4253447B300EB75E1 /* RecencyUITests */,
			);
		};
/* End PBXProject section */

/* Begin PBXResourcesBuildPhase section */
		03AEC7A7253447AE00EB75E1 /* Resources */ = {
			isa = PBXResourcesBuildPhase;
			buildActionMask = 2147483647;
			files = (
				03AEC7B4253447B200EB75E1 /* Preview Assets.xcassets in Resources */,
				03AEC7B1253447B200EB75E1 /* Assets.xcassets in Resources */,
			);
			runOnlyForDeploymentPostprocessing = 0;
		};
		03AEC7B8253447B300EB75E1 /* Resources */ = {
			isa = PBXResourcesBuildPhase;
			buildActionMask = 2147483647;
			files = (
			);
			runOnlyForDeploymentPostprocessing = 0;
		};
		03AEC7C3253447B300EB75E1 /* Resources */ = {
			isa = PBXResourcesBuildPhase;
			buildActionMask = 2147483647;
			files = (
			);
			runOnlyForDeploymentPostprocessing = 0;
		};
/* End PBXResourcesBuildPhase section */

/* Begin PBXShellScriptBuildPhase section */
		03735F6525386D480013A885 /* ShellScript */ = {
			isa = PBXShellScriptBuildPhase;
			buildActionMask = 2147483647;
			files = (
			);
			inputFileListPaths = (
			);
			inputPaths = (
			);
			outputFileListPaths = (
			);
			outputPaths = (
			);
			runOnlyForDeploymentPostprocessing = 0;
			shellPath = /bin/sh;
			shellScript = "# Type a script or drag a script file from your workspace to insert its path.\n\"${PODS_ROOT}/SwiftLint/swiftlint\"\n";
		};
		3DB4DC7BDF49EB63E43432F5 /* [CP] Check Pods Manifest.lock */ = {
			isa = PBXShellScriptBuildPhase;
			buildActionMask = 2147483647;
			files = (
			);
			inputFileListPaths = (
			);
			inputPaths = (
				"${PODS_PODFILE_DIR_PATH}/Podfile.lock",
				"${PODS_ROOT}/Manifest.lock",
			);
			name = "[CP] Check Pods Manifest.lock";
			outputFileListPaths = (
			);
			outputPaths = (
				"$(DERIVED_FILE_DIR)/Pods-Recency-checkManifestLockResult.txt",
			);
			runOnlyForDeploymentPostprocessing = 0;
			shellPath = /bin/sh;
			shellScript = "diff \"${PODS_PODFILE_DIR_PATH}/Podfile.lock\" \"${PODS_ROOT}/Manifest.lock\" > /dev/null\nif [ $? != 0 ] ; then\n    # print error to STDERR\n    echo \"error: The sandbox is not in sync with the Podfile.lock. Run 'pod install' or update your CocoaPods installation.\" >&2\n    exit 1\nfi\n# This output is used by Xcode 'outputs' to avoid re-running this script phase.\necho \"SUCCESS\" > \"${SCRIPT_OUTPUT_FILE_0}\"\n";
			showEnvVarsInLog = 0;
		};
		55D36848245FA50A4A3B4DCB /* [CP] Check Pods Manifest.lock */ = {
			isa = PBXShellScriptBuildPhase;
			buildActionMask = 2147483647;
			files = (
			);
			inputFileListPaths = (
			);
			inputPaths = (
				"${PODS_PODFILE_DIR_PATH}/Podfile.lock",
				"${PODS_ROOT}/Manifest.lock",
			);
			name = "[CP] Check Pods Manifest.lock";
			outputFileListPaths = (
			);
			outputPaths = (
				"$(DERIVED_FILE_DIR)/Pods-RecencyTests-checkManifestLockResult.txt",
			);
			runOnlyForDeploymentPostprocessing = 0;
			shellPath = /bin/sh;
			shellScript = "diff \"${PODS_PODFILE_DIR_PATH}/Podfile.lock\" \"${PODS_ROOT}/Manifest.lock\" > /dev/null\nif [ $? != 0 ] ; then\n    # print error to STDERR\n    echo \"error: The sandbox is not in sync with the Podfile.lock. Run 'pod install' or update your CocoaPods installation.\" >&2\n    exit 1\nfi\n# This output is used by Xcode 'outputs' to avoid re-running this script phase.\necho \"SUCCESS\" > \"${SCRIPT_OUTPUT_FILE_0}\"\n";
			showEnvVarsInLog = 0;
		};
		FF1BED20F734C057CA042B12 /* [CP] Check Pods Manifest.lock */ = {
			isa = PBXShellScriptBuildPhase;
			buildActionMask = 2147483647;
			files = (
			);
			inputFileListPaths = (
			);
			inputPaths = (
				"${PODS_PODFILE_DIR_PATH}/Podfile.lock",
				"${PODS_ROOT}/Manifest.lock",
			);
			name = "[CP] Check Pods Manifest.lock";
			outputFileListPaths = (
			);
			outputPaths = (
				"$(DERIVED_FILE_DIR)/Pods-Recency-RecencyUITests-checkManifestLockResult.txt",
			);
			runOnlyForDeploymentPostprocessing = 0;
			shellPath = /bin/sh;
			shellScript = "diff \"${PODS_PODFILE_DIR_PATH}/Podfile.lock\" \"${PODS_ROOT}/Manifest.lock\" > /dev/null\nif [ $? != 0 ] ; then\n    # print error to STDERR\n    echo \"error: The sandbox is not in sync with the Podfile.lock. Run 'pod install' or update your CocoaPods installation.\" >&2\n    exit 1\nfi\n# This output is used by Xcode 'outputs' to avoid re-running this script phase.\necho \"SUCCESS\" > \"${SCRIPT_OUTPUT_FILE_0}\"\n";
			showEnvVarsInLog = 0;
		};
/* End PBXShellScriptBuildPhase section */

/* Begin PBXSourcesBuildPhase section */
		03AEC7A5253447AE00EB75E1 /* Sources */ = {
			isa = PBXSourcesBuildPhase;
			buildActionMask = 2147483647;
			files = (
				03AEC7AF253447AE00EB75E1 /* ContentView.swift in Sources */,
				039134672535BE910009DC32 /* RecencyDetail.swift in Sources */,
				039134622535B0F20009DC32 /* DataStructure.swift in Sources */,
				03AEC7DB2534677C00EB75E1 /* AddActivity.swift in Sources */,
				036300462544B07B00B90A97 /* EditActivity.swift in Sources */,
				03BDD5B9253B6AF000A8652D /* WelcomeSheet.swift in Sources */,
				03AEC7AD253447AE00EB75E1 /* RecencyApp.swift in Sources */,
			);
			runOnlyForDeploymentPostprocessing = 0;
		};
		03AEC7B6253447B300EB75E1 /* Sources */ = {
			isa = PBXSourcesBuildPhase;
			buildActionMask = 2147483647;
			files = (
				03AEC7BF253447B300EB75E1 /* DataStructureTests.swift in Sources */,
			);
			runOnlyForDeploymentPostprocessing = 0;
		};
		03AEC7C1253447B300EB75E1 /* Sources */ = {
			isa = PBXSourcesBuildPhase;
			buildActionMask = 2147483647;
			files = (
				03AEC7CA253447B300EB75E1 /* RecencyUITests.swift in Sources */,
			);
			runOnlyForDeploymentPostprocessing = 0;
		};
/* End PBXSourcesBuildPhase section */

/* Begin PBXTargetDependency section */
		03AEC7BC253447B300EB75E1 /* PBXTargetDependency */ = {
			isa = PBXTargetDependency;
			target = 03AEC7A8253447AE00EB75E1 /* Recency */;
			targetProxy = 03AEC7BB253447B300EB75E1 /* PBXContainerItemProxy */;
		};
		03AEC7C7253447B300EB75E1 /* PBXTargetDependency */ = {
			isa = PBXTargetDependency;
			target = 03AEC7A8253447AE00EB75E1 /* Recency */;
			targetProxy = 03AEC7C6253447B300EB75E1 /* PBXContainerItemProxy */;
		};
/* End PBXTargetDependency section */

/* Begin XCBuildConfiguration section */
		03AEC7CC253447B300EB75E1 /* Debug */ = {
			isa = XCBuildConfiguration;
			buildSettings = {
				ALWAYS_SEARCH_USER_PATHS = NO;
				CLANG_ANALYZER_NONNULL = YES;
				CLANG_ANALYZER_NUMBER_OBJECT_CONVERSION = YES_AGGRESSIVE;
				CLANG_CXX_LANGUAGE_STANDARD = "gnu++14";
				CLANG_CXX_LIBRARY = "libc++";
				CLANG_ENABLE_MODULES = YES;
				CLANG_ENABLE_OBJC_ARC = YES;
				CLANG_ENABLE_OBJC_WEAK = YES;
				CLANG_WARN_BLOCK_CAPTURE_AUTORELEASING = YES;
				CLANG_WARN_BOOL_CONVERSION = YES;
				CLANG_WARN_COMMA = YES;
				CLANG_WARN_CONSTANT_CONVERSION = YES;
				CLANG_WARN_DEPRECATED_OBJC_IMPLEMENTATIONS = YES;
				CLANG_WARN_DIRECT_OBJC_ISA_USAGE = YES_ERROR;
				CLANG_WARN_DOCUMENTATION_COMMENTS = YES;
				CLANG_WARN_EMPTY_BODY = YES;
				CLANG_WARN_ENUM_CONVERSION = YES;
				CLANG_WARN_INFINITE_RECURSION = YES;
				CLANG_WARN_INT_CONVERSION = YES;
				CLANG_WARN_NON_LITERAL_NULL_CONVERSION = YES;
				CLANG_WARN_OBJC_IMPLICIT_RETAIN_SELF = YES;
				CLANG_WARN_OBJC_LITERAL_CONVERSION = YES;
				CLANG_WARN_OBJC_ROOT_CLASS = YES_ERROR;
				CLANG_WARN_QUOTED_INCLUDE_IN_FRAMEWORK_HEADER = YES;
				CLANG_WARN_RANGE_LOOP_ANALYSIS = YES;
				CLANG_WARN_STRICT_PROTOTYPES = YES;
				CLANG_WARN_SUSPICIOUS_MOVE = YES;
				CLANG_WARN_UNGUARDED_AVAILABILITY = YES_AGGRESSIVE;
				CLANG_WARN_UNREACHABLE_CODE = YES;
				CLANG_WARN__DUPLICATE_METHOD_MATCH = YES;
				COPY_PHASE_STRIP = NO;
				DEBUG_INFORMATION_FORMAT = dwarf;
				ENABLE_STRICT_OBJC_MSGSEND = YES;
				ENABLE_TESTABILITY = YES;
				GCC_C_LANGUAGE_STANDARD = gnu11;
				GCC_DYNAMIC_NO_PIC = NO;
				GCC_NO_COMMON_BLOCKS = YES;
				GCC_OPTIMIZATION_LEVEL = 0;
				GCC_PREPROCESSOR_DEFINITIONS = (
					"DEBUG=1",
					"$(inherited)",
				);
				GCC_WARN_64_TO_32_BIT_CONVERSION = YES;
				GCC_WARN_ABOUT_RETURN_TYPE = YES_ERROR;
				GCC_WARN_UNDECLARED_SELECTOR = YES;
				GCC_WARN_UNINITIALIZED_AUTOS = YES_AGGRESSIVE;
				GCC_WARN_UNUSED_FUNCTION = YES;
				GCC_WARN_UNUSED_VARIABLE = YES;
				IPHONEOS_DEPLOYMENT_TARGET = 14.0;
				MTL_ENABLE_DEBUG_INFO = INCLUDE_SOURCE;
				MTL_FAST_MATH = YES;
				ONLY_ACTIVE_ARCH = YES;
				SDKROOT = iphoneos;
				SWIFT_ACTIVE_COMPILATION_CONDITIONS = DEBUG;
				SWIFT_OPTIMIZATION_LEVEL = "-Onone";
			};
			name = Debug;
		};
		03AEC7CD253447B300EB75E1 /* Release */ = {
			isa = XCBuildConfiguration;
			buildSettings = {
				ALWAYS_SEARCH_USER_PATHS = NO;
				CLANG_ANALYZER_NONNULL = YES;
				CLANG_ANALYZER_NUMBER_OBJECT_CONVERSION = YES_AGGRESSIVE;
				CLANG_CXX_LANGUAGE_STANDARD = "gnu++14";
				CLANG_CXX_LIBRARY = "libc++";
				CLANG_ENABLE_MODULES = YES;
				CLANG_ENABLE_OBJC_ARC = YES;
				CLANG_ENABLE_OBJC_WEAK = YES;
				CLANG_WARN_BLOCK_CAPTURE_AUTORELEASING = YES;
				CLANG_WARN_BOOL_CONVERSION = YES;
				CLANG_WARN_COMMA = YES;
				CLANG_WARN_CONSTANT_CONVERSION = YES;
				CLANG_WARN_DEPRECATED_OBJC_IMPLEMENTATIONS = YES;
				CLANG_WARN_DIRECT_OBJC_ISA_USAGE = YES_ERROR;
				CLANG_WARN_DOCUMENTATION_COMMENTS = YES;
				CLANG_WARN_EMPTY_BODY = YES;
				CLANG_WARN_ENUM_CONVERSION = YES;
				CLANG_WARN_INFINITE_RECURSION = YES;
				CLANG_WARN_INT_CONVERSION = YES;
				CLANG_WARN_NON_LITERAL_NULL_CONVERSION = YES;
				CLANG_WARN_OBJC_IMPLICIT_RETAIN_SELF = YES;
				CLANG_WARN_OBJC_LITERAL_CONVERSION = YES;
				CLANG_WARN_OBJC_ROOT_CLASS = YES_ERROR;
				CLANG_WARN_QUOTED_INCLUDE_IN_FRAMEWORK_HEADER = YES;
				CLANG_WARN_RANGE_LOOP_ANALYSIS = YES;
				CLANG_WARN_STRICT_PROTOTYPES = YES;
				CLANG_WARN_SUSPICIOUS_MOVE = YES;
				CLANG_WARN_UNGUARDED_AVAILABILITY = YES_AGGRESSIVE;
				CLANG_WARN_UNREACHABLE_CODE = YES;
				CLANG_WARN__DUPLICATE_METHOD_MATCH = YES;
				COPY_PHASE_STRIP = NO;
				DEBUG_INFORMATION_FORMAT = "dwarf-with-dsym";
				ENABLE_NS_ASSERTIONS = NO;
				ENABLE_STRICT_OBJC_MSGSEND = YES;
				GCC_C_LANGUAGE_STANDARD = gnu11;
				GCC_NO_COMMON_BLOCKS = YES;
				GCC_WARN_64_TO_32_BIT_CONVERSION = YES;
				GCC_WARN_ABOUT_RETURN_TYPE = YES_ERROR;
				GCC_WARN_UNDECLARED_SELECTOR = YES;
				GCC_WARN_UNINITIALIZED_AUTOS = YES_AGGRESSIVE;
				GCC_WARN_UNUSED_FUNCTION = YES;
				GCC_WARN_UNUSED_VARIABLE = YES;
				IPHONEOS_DEPLOYMENT_TARGET = 14.0;
				MTL_ENABLE_DEBUG_INFO = NO;
				MTL_FAST_MATH = YES;
				SDKROOT = iphoneos;
				SWIFT_COMPILATION_MODE = wholemodule;
				SWIFT_OPTIMIZATION_LEVEL = "-O";
				VALIDATE_PRODUCT = YES;
			};
			name = Release;
		};
		03AEC7CF253447B300EB75E1 /* Debug */ = {
			isa = XCBuildConfiguration;
			baseConfigurationReference = CC80A560C504C87EBD5EE48A /* Pods-Recency.debug.xcconfig */;
			buildSettings = {
				ASSETCATALOG_COMPILER_APPICON_NAME = AppIcon;
				ASSETCATALOG_COMPILER_GLOBAL_ACCENT_COLOR_NAME = AccentColor;
				CODE_SIGN_IDENTITY = "iPhone Developer";
				CODE_SIGN_STYLE = Manual;
				CURRENT_PROJECT_VERSION = 2;
				DEVELOPMENT_ASSET_PATHS = "\"Recency/Preview Content\"";
				DEVELOPMENT_TEAM = NPT8P6J66Z;
				ENABLE_PREVIEWS = YES;
				INFOPLIST_FILE = Recency/Info.plist;
				IPHONEOS_DEPLOYMENT_TARGET = 14.0;
				LD_RUNPATH_SEARCH_PATHS = (
					"$(inherited)",
					"@executable_path/Frameworks",
				);
				PRODUCT_BUNDLE_IDENTIFIER = Boavida.Recency;
				PRODUCT_NAME = "$(TARGET_NAME)";
				PROVISIONING_PROFILE_SPECIFIER = RecencyDevProfile;
				SWIFT_VERSION = 5.0;
				TARGETED_DEVICE_FAMILY = 1;
			};
			name = Debug;
		};
		03AEC7D0253447B300EB75E1 /* Release */ = {
			isa = XCBuildConfiguration;
			baseConfigurationReference = 748B84A6D8CFFF388D012799 /* Pods-Recency.release.xcconfig */;
			buildSettings = {
				ASSETCATALOG_COMPILER_APPICON_NAME = AppIcon;
				ASSETCATALOG_COMPILER_GLOBAL_ACCENT_COLOR_NAME = AccentColor;
				CODE_SIGN_IDENTITY = "iPhone Developer";
				CODE_SIGN_STYLE = Manual;
				CURRENT_PROJECT_VERSION = 2;
				DEVELOPMENT_ASSET_PATHS = "\"Recency/Preview Content\"";
				DEVELOPMENT_TEAM = NPT8P6J66Z;
				ENABLE_PREVIEWS = YES;
				INFOPLIST_FILE = Recency/Info.plist;
				IPHONEOS_DEPLOYMENT_TARGET = 14.0;
				LD_RUNPATH_SEARCH_PATHS = (
					"$(inherited)",
					"@executable_path/Frameworks",
				);
				PRODUCT_BUNDLE_IDENTIFIER = Boavida.Recency;
				PRODUCT_NAME = "$(TARGET_NAME)";
				PROVISIONING_PROFILE_SPECIFIER = RecencyDevProfile;
				SWIFT_VERSION = 5.0;
				TARGETED_DEVICE_FAMILY = 1;
			};
			name = Release;
		};
		03AEC7D2253447B300EB75E1 /* Debug */ = {
			isa = XCBuildConfiguration;
			baseConfigurationReference = B68B02EE4CAFA1A0B6E6D089 /* Pods-RecencyTests.debug.xcconfig */;
			buildSettings = {
				ALWAYS_EMBED_SWIFT_STANDARD_LIBRARIES = YES;
				BUNDLE_LOADER = "$(TEST_HOST)";
				CODE_SIGN_STYLE = Automatic;
				DEVELOPMENT_TEAM = NPT8P6J66Z;
				INFOPLIST_FILE = RecencyTests/Info.plist;
				IPHONEOS_DEPLOYMENT_TARGET = 14.0;
				LD_RUNPATH_SEARCH_PATHS = (
					"$(inherited)",
					"@executable_path/Frameworks",
					"@loader_path/Frameworks",
				);
				PRODUCT_BUNDLE_IDENTIFIER = Boavida.RecencyTests;
				PRODUCT_NAME = "$(TARGET_NAME)";
				SWIFT_VERSION = 5.0;
				TARGETED_DEVICE_FAMILY = "1,2";
				TEST_HOST = "$(BUILT_PRODUCTS_DIR)/Recency.app/Recency";
			};
			name = Debug;
		};
		03AEC7D3253447B300EB75E1 /* Release */ = {
			isa = XCBuildConfiguration;
			baseConfigurationReference = FC071854780666DCCE432644 /* Pods-RecencyTests.release.xcconfig */;
			buildSettings = {
				ALWAYS_EMBED_SWIFT_STANDARD_LIBRARIES = YES;
				BUNDLE_LOADER = "$(TEST_HOST)";
				CODE_SIGN_STYLE = Automatic;
				DEVELOPMENT_TEAM = NPT8P6J66Z;
				INFOPLIST_FILE = RecencyTests/Info.plist;
				IPHONEOS_DEPLOYMENT_TARGET = 14.0;
				LD_RUNPATH_SEARCH_PATHS = (
					"$(inherited)",
					"@executable_path/Frameworks",
					"@loader_path/Frameworks",
				);
				PRODUCT_BUNDLE_IDENTIFIER = Boavida.RecencyTests;
				PRODUCT_NAME = "$(TARGET_NAME)";
				SWIFT_VERSION = 5.0;
				TARGETED_DEVICE_FAMILY = "1,2";
				TEST_HOST = "$(BUILT_PRODUCTS_DIR)/Recency.app/Recency";
			};
			name = Release;
		};
		03AEC7D5253447B300EB75E1 /* Debug */ = {
			isa = XCBuildConfiguration;
			baseConfigurationReference = 982AEE071367B55AB1562930 /* Pods-Recency-RecencyUITests.debug.xcconfig */;
			buildSettings = {
				ALWAYS_EMBED_SWIFT_STANDARD_LIBRARIES = YES;
				CODE_SIGN_STYLE = Automatic;
				DEVELOPMENT_TEAM = NPT8P6J66Z;
				INFOPLIST_FILE = RecencyUITests/Info.plist;
				LD_RUNPATH_SEARCH_PATHS = (
					"$(inherited)",
					"@executable_path/Frameworks",
					"@loader_path/Frameworks",
				);
				PRODUCT_BUNDLE_IDENTIFIER = Boavida.RecencyUITests;
				PRODUCT_NAME = "$(TARGET_NAME)";
				SWIFT_VERSION = 5.0;
				TARGETED_DEVICE_FAMILY = "1,2";
				TEST_TARGET_NAME = Recency;
			};
			name = Debug;
		};
		03AEC7D6253447B300EB75E1 /* Release */ = {
			isa = XCBuildConfiguration;
			baseConfigurationReference = D684F8A589460CBA82118706 /* Pods-Recency-RecencyUITests.release.xcconfig */;
			buildSettings = {
				ALWAYS_EMBED_SWIFT_STANDARD_LIBRARIES = YES;
				CODE_SIGN_STYLE = Automatic;
				DEVELOPMENT_TEAM = NPT8P6J66Z;
				INFOPLIST_FILE = RecencyUITests/Info.plist;
				LD_RUNPATH_SEARCH_PATHS = (
					"$(inherited)",
					"@executable_path/Frameworks",
					"@loader_path/Frameworks",
				);
				PRODUCT_BUNDLE_IDENTIFIER = Boavida.RecencyUITests;
				PRODUCT_NAME = "$(TARGET_NAME)";
				SWIFT_VERSION = 5.0;
				TARGETED_DEVICE_FAMILY = "1,2";
				TEST_TARGET_NAME = Recency;
			};
			name = Release;
		};
/* End XCBuildConfiguration section */

/* Begin XCConfigurationList section */
		03AEC7A4253447AD00EB75E1 /* Build configuration list for PBXProject "Recency" */ = {
			isa = XCConfigurationList;
			buildConfigurations = (
				03AEC7CC253447B300EB75E1 /* Debug */,
				03AEC7CD253447B300EB75E1 /* Release */,
			);
			defaultConfigurationIsVisible = 0;
			defaultConfigurationName = Release;
		};
		03AEC7CE253447B300EB75E1 /* Build configuration list for PBXNativeTarget "Recency" */ = {
			isa = XCConfigurationList;
			buildConfigurations = (
				03AEC7CF253447B300EB75E1 /* Debug */,
				03AEC7D0253447B300EB75E1 /* Release */,
			);
			defaultConfigurationIsVisible = 0;
			defaultConfigurationName = Release;
		};
		03AEC7D1253447B300EB75E1 /* Build configuration list for PBXNativeTarget "RecencyTests" */ = {
			isa = XCConfigurationList;
			buildConfigurations = (
				03AEC7D2253447B300EB75E1 /* Debug */,
				03AEC7D3253447B300EB75E1 /* Release */,
			);
			defaultConfigurationIsVisible = 0;
			defaultConfigurationName = Release;
		};
		03AEC7D4253447B300EB75E1 /* Build configuration list for PBXNativeTarget "RecencyUITests" */ = {
			isa = XCConfigurationList;
			buildConfigurations = (
				03AEC7D5253447B300EB75E1 /* Debug */,
				03AEC7D6253447B300EB75E1 /* Release */,
			);
			defaultConfigurationIsVisible = 0;
			defaultConfigurationName = Release;
		};
/* End XCConfigurationList section */
	};
	rootObject = 03AEC7A1253447AD00EB75E1 /* Project object */;
}
